// !$*UTF8*$!
{
	archiveVersion = 1;
	classes = {
	};
	objectVersion = 48;
	objects = {

/* Begin PBXBuildFile section */
		52165BE720255543008100BE /* ReactiveCocoa.framework in Frameworks */ = {isa = PBXBuildFile; fileRef = 52165BDF20255543008100BE /* ReactiveCocoa.framework */; };
		52165BE820255543008100BE /* PureLayout.framework in Frameworks */ = {isa = PBXBuildFile; fileRef = 52165BE020255543008100BE /* PureLayout.framework */; };
		52165BE920255543008100BE /* Result.framework in Frameworks */ = {isa = PBXBuildFile; fileRef = 52165BE120255543008100BE /* Result.framework */; };
		52165BEA20255543008100BE /* SwiftyUserDefaults.framework in Frameworks */ = {isa = PBXBuildFile; fileRef = 52165BE220255543008100BE /* SwiftyUserDefaults.framework */; };
		52165BEC20255543008100BE /* ReactiveSwift.framework in Frameworks */ = {isa = PBXBuildFile; fileRef = 52165BE420255543008100BE /* ReactiveSwift.framework */; };
		52165BED20255543008100BE /* ReSwift.framework in Frameworks */ = {isa = PBXBuildFile; fileRef = 52165BE520255543008100BE /* ReSwift.framework */; };
		52165BEE20255543008100BE /* ReactiveReSwift.framework in Frameworks */ = {isa = PBXBuildFile; fileRef = 52165BE620255543008100BE /* ReactiveReSwift.framework */; };
		52165BF220255A66008100BE /* Then.swift in Sources */ = {isa = PBXBuildFile; fileRef = 52165BF120255A66008100BE /* Then.swift */; };
		52165BF520255CC9008100BE /* Piece.swift in Sources */ = {isa = PBXBuildFile; fileRef = 52165BF420255CC9008100BE /* Piece.swift */; };
		52165BF720255D74008100BE /* EnumCollection.swift in Sources */ = {isa = PBXBuildFile; fileRef = 52165BF620255D74008100BE /* EnumCollection.swift */; };
		52165BFA20255E83008100BE /* Array+Extensions.swift in Sources */ = {isa = PBXBuildFile; fileRef = 52165BF920255E83008100BE /* Array+Extensions.swift */; };
		52165BFC20255F44008100BE /* Dictionary+Extensions.swift in Sources */ = {isa = PBXBuildFile; fileRef = 52165BFB20255F44008100BE /* Dictionary+Extensions.swift */; };
		52165BFE20255FC7008100BE /* SignalObserver+Extensions.swift in Sources */ = {isa = PBXBuildFile; fileRef = 52165BFD20255FC7008100BE /* SignalObserver+Extensions.swift */; };
		52165C0020256010008100BE /* NSObject+Extensions.swift in Sources */ = {isa = PBXBuildFile; fileRef = 52165BFF20256010008100BE /* NSObject+Extensions.swift */; };
		52165C022025608D008100BE /* SignalProducer+Extensions.swift in Sources */ = {isa = PBXBuildFile; fileRef = 52165C012025608D008100BE /* SignalProducer+Extensions.swift */; };
		52A011242025622E00248D83 /* Colors.swift in Sources */ = {isa = PBXBuildFile; fileRef = 52A011232025622E00248D83 /* Colors.swift */; };
		52A011262025637000248D83 /* UIDevice+Extensions.swift in Sources */ = {isa = PBXBuildFile; fileRef = 52A011252025637000248D83 /* UIDevice+Extensions.swift */; };
		52A011282025645B00248D83 /* UIEdgeInsets+Extensions.swift in Sources */ = {isa = PBXBuildFile; fileRef = 52A011272025645B00248D83 /* UIEdgeInsets+Extensions.swift */; };
		52A0112A2025653900248D83 /* Displayable.swift in Sources */ = {isa = PBXBuildFile; fileRef = 52A011292025653900248D83 /* Displayable.swift */; };
		52A0112C2025696F00248D83 /* UIStackView+Extensions.swift in Sources */ = {isa = PBXBuildFile; fileRef = 52A0112B2025696F00248D83 /* UIStackView+Extensions.swift */; };
		52A0112E20256A2200248D83 /* UITextView+Extensions.swift in Sources */ = {isa = PBXBuildFile; fileRef = 52A0112D20256A2200248D83 /* UITextView+Extensions.swift */; };
		52A0113020256A5E00248D83 /* Attributed.swift in Sources */ = {isa = PBXBuildFile; fileRef = 52A0112F20256A5E00248D83 /* Attributed.swift */; };
		52A0113220256F9F00248D83 /* UIView+Extensions.swift in Sources */ = {isa = PBXBuildFile; fileRef = 52A0113120256F9F00248D83 /* UIView+Extensions.swift */; };
		52A01134202579EE00248D83 /* UIViewController+Extensions.swift in Sources */ = {isa = PBXBuildFile; fileRef = 52A01133202579EE00248D83 /* UIViewController+Extensions.swift */; };
		52A0113620257A7300248D83 /* UIImage+Extensions.swift in Sources */ = {isa = PBXBuildFile; fileRef = 52A0113520257A7300248D83 /* UIImage+Extensions.swift */; };
		52A0113820257C1000248D83 /* UILabel+Extensions.swift in Sources */ = {isa = PBXBuildFile; fileRef = 52A0113720257C1000248D83 /* UILabel+Extensions.swift */; };
		52A0113A20257E9C00248D83 /* UIBarButtonItem+Closures.swift in Sources */ = {isa = PBXBuildFile; fileRef = 52A0113920257E9C00248D83 /* UIBarButtonItem+Closures.swift */; };
		52A0113C2025820200248D83 /* ClosureHandler.swift in Sources */ = {isa = PBXBuildFile; fileRef = 52A0113B2025820200248D83 /* ClosureHandler.swift */; };
		52A011412025839E00248D83 /* UIView+Closures.swift in Sources */ = {isa = PBXBuildFile; fileRef = 52A0113E2025839D00248D83 /* UIView+Closures.swift */; };
		52A011422025839E00248D83 /* UIGestureRecognizer+Closures.swift in Sources */ = {isa = PBXBuildFile; fileRef = 52A0113F2025839E00248D83 /* UIGestureRecognizer+Closures.swift */; };
		52A011432025839E00248D83 /* UIControl+Closures.swift in Sources */ = {isa = PBXBuildFile; fileRef = 52A011402025839E00248D83 /* UIControl+Closures.swift */; };
		52B69A8C20258830001A03B7 /* URL+Extensions.swift in Sources */ = {isa = PBXBuildFile; fileRef = 52B69A8B20258830001A03B7 /* URL+Extensions.swift */; };
		F297E59F2022B6920051110D /* AppDelegate.swift in Sources */ = {isa = PBXBuildFile; fileRef = F297E59E2022B6920051110D /* AppDelegate.swift */; };
		F297E5A12022B6920051110D /* PuzzleViewController.swift in Sources */ = {isa = PBXBuildFile; fileRef = F297E5A02022B6920051110D /* PuzzleViewController.swift */; };
		F297E5A62022B6920051110D /* Assets.xcassets in Resources */ = {isa = PBXBuildFile; fileRef = F297E5A52022B6920051110D /* Assets.xcassets */; };
		F297E5B42022B6920051110D /* PuzzleTests.swift in Sources */ = {isa = PBXBuildFile; fileRef = F297E5B32022B6920051110D /* PuzzleTests.swift */; };
		F297E5BF2022B6920051110D /* PuzzleUITests.swift in Sources */ = {isa = PBXBuildFile; fileRef = F297E5BE2022B6920051110D /* PuzzleUITests.swift */; };
		F2CD64522028FBF000F11911 /* PuzzleState.swift in Sources */ = {isa = PBXBuildFile; fileRef = F2CD64512028FBF000F11911 /* PuzzleState.swift */; };
		F2CD64542028FF2A00F11911 /* Position.swift in Sources */ = {isa = PBXBuildFile; fileRef = F2CD64532028FF2A00F11911 /* Position.swift */; };
		F2CD64562029136800F11911 /* PuzzleAction.swift in Sources */ = {isa = PBXBuildFile; fileRef = F2CD64552029136800F11911 /* PuzzleAction.swift */; };
		F2CD64582029169B00F11911 /* PuzzleReducer.swift in Sources */ = {isa = PBXBuildFile; fileRef = F2CD64572029169B00F11911 /* PuzzleReducer.swift */; };
		F2CD645A20292A3E00F11911 /* Puzzle.swift in Sources */ = {isa = PBXBuildFile; fileRef = F2CD645920292A3E00F11911 /* Puzzle.swift */; };
		F2CD645E20297B0D00F11911 /* Row.swift in Sources */ = {isa = PBXBuildFile; fileRef = F2CD645D20297B0D00F11911 /* Row.swift */; };
		F2CD646120297B8600F11911 /* Column.swift in Sources */ = {isa = PBXBuildFile; fileRef = F2CD646020297B8600F11911 /* Column.swift */; };
/* End PBXBuildFile section */

/* Begin PBXContainerItemProxy section */
		F297E5B02022B6920051110D /* PBXContainerItemProxy */ = {
			isa = PBXContainerItemProxy;
			containerPortal = F297E5932022B6920051110D /* Project object */;
			proxyType = 1;
			remoteGlobalIDString = F297E59A2022B6920051110D;
			remoteInfo = Puzzle;
		};
		F297E5BB2022B6920051110D /* PBXContainerItemProxy */ = {
			isa = PBXContainerItemProxy;
			containerPortal = F297E5932022B6920051110D /* Project object */;
			proxyType = 1;
			remoteGlobalIDString = F297E59A2022B6920051110D;
			remoteInfo = Puzzle;
		};
/* End PBXContainerItemProxy section */

/* Begin PBXFileReference section */
		52165BDD202554DE008100BE /* Cartfile */ = {isa = PBXFileReference; lastKnownFileType = text; path = Cartfile; sourceTree = "<group>"; };
		52165BDE202554DE008100BE /* Cartfile.resolved */ = {isa = PBXFileReference; lastKnownFileType = text; path = Cartfile.resolved; sourceTree = "<group>"; };
		52165BDF20255543008100BE /* ReactiveCocoa.framework */ = {isa = PBXFileReference; lastKnownFileType = wrapper.framework; name = ReactiveCocoa.framework; path = Carthage/Build/iOS/ReactiveCocoa.framework; sourceTree = "<group>"; };
		52165BE020255543008100BE /* PureLayout.framework */ = {isa = PBXFileReference; lastKnownFileType = wrapper.framework; name = PureLayout.framework; path = Carthage/Build/iOS/PureLayout.framework; sourceTree = "<group>"; };
		52165BE120255543008100BE /* Result.framework */ = {isa = PBXFileReference; lastKnownFileType = wrapper.framework; name = Result.framework; path = Carthage/Build/iOS/Result.framework; sourceTree = "<group>"; };
		52165BE220255543008100BE /* SwiftyUserDefaults.framework */ = {isa = PBXFileReference; lastKnownFileType = wrapper.framework; name = SwiftyUserDefaults.framework; path = Carthage/Build/iOS/SwiftyUserDefaults.framework; sourceTree = "<group>"; };
		52165BE420255543008100BE /* ReactiveSwift.framework */ = {isa = PBXFileReference; lastKnownFileType = wrapper.framework; name = ReactiveSwift.framework; path = Carthage/Build/iOS/ReactiveSwift.framework; sourceTree = "<group>"; };
		52165BE520255543008100BE /* ReSwift.framework */ = {isa = PBXFileReference; lastKnownFileType = wrapper.framework; name = ReSwift.framework; path = Carthage/Build/iOS/ReSwift.framework; sourceTree = "<group>"; };
		52165BE620255543008100BE /* ReactiveReSwift.framework */ = {isa = PBXFileReference; lastKnownFileType = wrapper.framework; name = ReactiveReSwift.framework; path = Carthage/Build/iOS/ReactiveReSwift.framework; sourceTree = "<group>"; };
		52165BF120255A66008100BE /* Then.swift */ = {isa = PBXFileReference; lastKnownFileType = sourcecode.swift; path = Then.swift; sourceTree = "<group>"; };
		52165BF420255CC9008100BE /* Piece.swift */ = {isa = PBXFileReference; lastKnownFileType = sourcecode.swift; path = Piece.swift; sourceTree = "<group>"; };
		52165BF620255D74008100BE /* EnumCollection.swift */ = {isa = PBXFileReference; lastKnownFileType = sourcecode.swift; path = EnumCollection.swift; sourceTree = "<group>"; };
		52165BF920255E83008100BE /* Array+Extensions.swift */ = {isa = PBXFileReference; lastKnownFileType = sourcecode.swift; path = "Array+Extensions.swift"; sourceTree = "<group>"; };
		52165BFB20255F44008100BE /* Dictionary+Extensions.swift */ = {isa = PBXFileReference; lastKnownFileType = sourcecode.swift; path = "Dictionary+Extensions.swift"; sourceTree = "<group>"; };
		52165BFD20255FC7008100BE /* SignalObserver+Extensions.swift */ = {isa = PBXFileReference; lastKnownFileType = sourcecode.swift; path = "SignalObserver+Extensions.swift"; sourceTree = "<group>"; };
		52165BFF20256010008100BE /* NSObject+Extensions.swift */ = {isa = PBXFileReference; lastKnownFileType = sourcecode.swift; path = "NSObject+Extensions.swift"; sourceTree = "<group>"; };
		52165C012025608D008100BE /* SignalProducer+Extensions.swift */ = {isa = PBXFileReference; lastKnownFileType = sourcecode.swift; path = "SignalProducer+Extensions.swift"; sourceTree = "<group>"; };
		52A011232025622E00248D83 /* Colors.swift */ = {isa = PBXFileReference; lastKnownFileType = sourcecode.swift; path = Colors.swift; sourceTree = "<group>"; };
		52A011252025637000248D83 /* UIDevice+Extensions.swift */ = {isa = PBXFileReference; lastKnownFileType = sourcecode.swift; path = "UIDevice+Extensions.swift"; sourceTree = "<group>"; };
		52A011272025645B00248D83 /* UIEdgeInsets+Extensions.swift */ = {isa = PBXFileReference; lastKnownFileType = sourcecode.swift; path = "UIEdgeInsets+Extensions.swift"; sourceTree = "<group>"; };
		52A011292025653900248D83 /* Displayable.swift */ = {isa = PBXFileReference; lastKnownFileType = sourcecode.swift; path = Displayable.swift; sourceTree = "<group>"; };
		52A0112B2025696F00248D83 /* UIStackView+Extensions.swift */ = {isa = PBXFileReference; lastKnownFileType = sourcecode.swift; path = "UIStackView+Extensions.swift"; sourceTree = "<group>"; };
		52A0112D20256A2200248D83 /* UITextView+Extensions.swift */ = {isa = PBXFileReference; lastKnownFileType = sourcecode.swift; path = "UITextView+Extensions.swift"; sourceTree = "<group>"; };
		52A0112F20256A5E00248D83 /* Attributed.swift */ = {isa = PBXFileReference; lastKnownFileType = sourcecode.swift; path = Attributed.swift; sourceTree = "<group>"; };
		52A0113120256F9F00248D83 /* UIView+Extensions.swift */ = {isa = PBXFileReference; lastKnownFileType = sourcecode.swift; path = "UIView+Extensions.swift"; sourceTree = "<group>"; };
		52A01133202579EE00248D83 /* UIViewController+Extensions.swift */ = {isa = PBXFileReference; lastKnownFileType = sourcecode.swift; path = "UIViewController+Extensions.swift"; sourceTree = "<group>"; };
		52A0113520257A7300248D83 /* UIImage+Extensions.swift */ = {isa = PBXFileReference; lastKnownFileType = sourcecode.swift; path = "UIImage+Extensions.swift"; sourceTree = "<group>"; };
		52A0113720257C1000248D83 /* UILabel+Extensions.swift */ = {isa = PBXFileReference; lastKnownFileType = sourcecode.swift; path = "UILabel+Extensions.swift"; sourceTree = "<group>"; };
		52A0113920257E9C00248D83 /* UIBarButtonItem+Closures.swift */ = {isa = PBXFileReference; lastKnownFileType = sourcecode.swift; path = "UIBarButtonItem+Closures.swift"; sourceTree = "<group>"; };
		52A0113B2025820200248D83 /* ClosureHandler.swift */ = {isa = PBXFileReference; lastKnownFileType = sourcecode.swift; path = ClosureHandler.swift; sourceTree = "<group>"; };
		52A0113E2025839D00248D83 /* UIView+Closures.swift */ = {isa = PBXFileReference; fileEncoding = 4; lastKnownFileType = sourcecode.swift; path = "UIView+Closures.swift"; sourceTree = "<group>"; };
		52A0113F2025839E00248D83 /* UIGestureRecognizer+Closures.swift */ = {isa = PBXFileReference; fileEncoding = 4; lastKnownFileType = sourcecode.swift; path = "UIGestureRecognizer+Closures.swift"; sourceTree = "<group>"; };
		52A011402025839E00248D83 /* UIControl+Closures.swift */ = {isa = PBXFileReference; fileEncoding = 4; lastKnownFileType = sourcecode.swift; path = "UIControl+Closures.swift"; sourceTree = "<group>"; };
		52B69A8B20258830001A03B7 /* URL+Extensions.swift */ = {isa = PBXFileReference; lastKnownFileType = sourcecode.swift; path = "URL+Extensions.swift"; sourceTree = "<group>"; };
		F297E59B2022B6920051110D /* Puzzle.app */ = {isa = PBXFileReference; explicitFileType = wrapper.application; includeInIndex = 0; path = Puzzle.app; sourceTree = BUILT_PRODUCTS_DIR; };
		F297E59E2022B6920051110D /* AppDelegate.swift */ = {isa = PBXFileReference; lastKnownFileType = sourcecode.swift; path = AppDelegate.swift; sourceTree = "<group>"; };
		F297E5A02022B6920051110D /* PuzzleViewController.swift */ = {isa = PBXFileReference; lastKnownFileType = sourcecode.swift; path = PuzzleViewController.swift; sourceTree = "<group>"; };
		F297E5A52022B6920051110D /* Assets.xcassets */ = {isa = PBXFileReference; lastKnownFileType = folder.assetcatalog; path = Assets.xcassets; sourceTree = "<group>"; };
		F297E5AA2022B6920051110D /* Info.plist */ = {isa = PBXFileReference; lastKnownFileType = text.plist.xml; path = Info.plist; sourceTree = "<group>"; };
		F297E5AF2022B6920051110D /* PuzzleTests.xctest */ = {isa = PBXFileReference; explicitFileType = wrapper.cfbundle; includeInIndex = 0; path = PuzzleTests.xctest; sourceTree = BUILT_PRODUCTS_DIR; };
		F297E5B32022B6920051110D /* PuzzleTests.swift */ = {isa = PBXFileReference; lastKnownFileType = sourcecode.swift; path = PuzzleTests.swift; sourceTree = "<group>"; };
		F297E5B52022B6920051110D /* Info.plist */ = {isa = PBXFileReference; lastKnownFileType = text.plist.xml; path = Info.plist; sourceTree = "<group>"; };
		F297E5BA2022B6920051110D /* PuzzleUITests.xctest */ = {isa = PBXFileReference; explicitFileType = wrapper.cfbundle; includeInIndex = 0; path = PuzzleUITests.xctest; sourceTree = BUILT_PRODUCTS_DIR; };
		F297E5BE2022B6920051110D /* PuzzleUITests.swift */ = {isa = PBXFileReference; lastKnownFileType = sourcecode.swift; path = PuzzleUITests.swift; sourceTree = "<group>"; };
		F297E5C02022B6920051110D /* Info.plist */ = {isa = PBXFileReference; lastKnownFileType = text.plist.xml; path = Info.plist; sourceTree = "<group>"; };
		F2CD64512028FBF000F11911 /* PuzzleState.swift */ = {isa = PBXFileReference; lastKnownFileType = sourcecode.swift; path = PuzzleState.swift; sourceTree = "<group>"; };
		F2CD64532028FF2A00F11911 /* Position.swift */ = {isa = PBXFileReference; lastKnownFileType = sourcecode.swift; path = Position.swift; sourceTree = "<group>"; };
		F2CD64552029136800F11911 /* PuzzleAction.swift */ = {isa = PBXFileReference; lastKnownFileType = sourcecode.swift; path = PuzzleAction.swift; sourceTree = "<group>"; };
		F2CD64572029169B00F11911 /* PuzzleReducer.swift */ = {isa = PBXFileReference; lastKnownFileType = sourcecode.swift; path = PuzzleReducer.swift; sourceTree = "<group>"; };
		F2CD645920292A3E00F11911 /* Puzzle.swift */ = {isa = PBXFileReference; lastKnownFileType = sourcecode.swift; path = Puzzle.swift; sourceTree = "<group>"; };
		F2CD645D20297B0D00F11911 /* Row.swift */ = {isa = PBXFileReference; lastKnownFileType = sourcecode.swift; path = Row.swift; sourceTree = "<group>"; };
		F2CD646020297B8600F11911 /* Column.swift */ = {isa = PBXFileReference; lastKnownFileType = sourcecode.swift; path = Column.swift; sourceTree = "<group>"; };
/* End PBXFileReference section */

/* Begin PBXFrameworksBuildPhase section */
		F297E5982022B6920051110D /* Frameworks */ = {
			isa = PBXFrameworksBuildPhase;
			buildActionMask = 2147483647;
			files = (
				52165BE920255543008100BE /* Result.framework in Frameworks */,
				52165BEC20255543008100BE /* ReactiveSwift.framework in Frameworks */,
				52165BE720255543008100BE /* ReactiveCocoa.framework in Frameworks */,
				52165BED20255543008100BE /* ReSwift.framework in Frameworks */,
				52165BEE20255543008100BE /* ReactiveReSwift.framework in Frameworks */,
				52165BE820255543008100BE /* PureLayout.framework in Frameworks */,
				52165BEA20255543008100BE /* SwiftyUserDefaults.framework in Frameworks */,
			);
			runOnlyForDeploymentPostprocessing = 0;
		};
		F297E5AC2022B6920051110D /* Frameworks */ = {
			isa = PBXFrameworksBuildPhase;
			buildActionMask = 2147483647;
			files = (
			);
			runOnlyForDeploymentPostprocessing = 0;
		};
		F297E5B72022B6920051110D /* Frameworks */ = {
			isa = PBXFrameworksBuildPhase;
			buildActionMask = 2147483647;
			files = (
			);
			runOnlyForDeploymentPostprocessing = 0;
		};
/* End PBXFrameworksBuildPhase section */

/* Begin PBXGroup section */
		52165BEF20255A37008100BE /* The Store */ = {
			isa = PBXGroup;
			children = (
				F2CD64512028FBF000F11911 /* PuzzleState.swift */,
				F2CD64552029136800F11911 /* PuzzleAction.swift */,
				F2CD64572029169B00F11911 /* PuzzleReducer.swift */,
			);
			path = "The Store";
			sourceTree = "<group>";
		};
		52165BF020255A4D008100BE /* Protocols */ = {
			isa = PBXGroup;
			children = (
				52A011292025653900248D83 /* Displayable.swift */,
				52165BF620255D74008100BE /* EnumCollection.swift */,
				52165BF120255A66008100BE /* Then.swift */,
			);
			path = Protocols;
			sourceTree = "<group>";
		};
		52165BF320255CA5008100BE /* Models */ = {
			isa = PBXGroup;
			children = (
				F2CD645F20297B5200F11911 /* Puzzle */,
				52165BEF20255A37008100BE /* The Store */,
				52A0112F20256A5E00248D83 /* Attributed.swift */,
				52A011232025622E00248D83 /* Colors.swift */,
			);
			path = Models;
			sourceTree = "<group>";
		};
		52165BF820255E64008100BE /* Extensions */ = {
			isa = PBXGroup;
			children = (
				52165BF920255E83008100BE /* Array+Extensions.swift */,
				52165BFB20255F44008100BE /* Dictionary+Extensions.swift */,
				52165BFD20255FC7008100BE /* SignalObserver+Extensions.swift */,
				52165BFF20256010008100BE /* NSObject+Extensions.swift */,
				52165C012025608D008100BE /* SignalProducer+Extensions.swift */,
				52A011252025637000248D83 /* UIDevice+Extensions.swift */,
				52A011272025645B00248D83 /* UIEdgeInsets+Extensions.swift */,
				52A0113520257A7300248D83 /* UIImage+Extensions.swift */,
				52A0113720257C1000248D83 /* UILabel+Extensions.swift */,
				52A0112B2025696F00248D83 /* UIStackView+Extensions.swift */,
				52A0112D20256A2200248D83 /* UITextView+Extensions.swift */,
				52A0113120256F9F00248D83 /* UIView+Extensions.swift */,
				52A01133202579EE00248D83 /* UIViewController+Extensions.swift */,
				52B69A8B20258830001A03B7 /* URL+Extensions.swift */,
			);
			path = Extensions;
			sourceTree = "<group>";
		};
		52A0113D2025828900248D83 /* Utilities */ = {
			isa = PBXGroup;
			children = (
				52B69A8A202586AD001A03B7 /* GestureRecognizerClosures */,
			);
			path = Utilities;
			sourceTree = "<group>";
		};
		52B69A8A202586AD001A03B7 /* GestureRecognizerClosures */ = {
			isa = PBXGroup;
			children = (
				52A0113B2025820200248D83 /* ClosureHandler.swift */,
				52A0113920257E9C00248D83 /* UIBarButtonItem+Closures.swift */,
				52A011402025839E00248D83 /* UIControl+Closures.swift */,
				52A0113F2025839E00248D83 /* UIGestureRecognizer+Closures.swift */,
				52A0113E2025839D00248D83 /* UIView+Closures.swift */,
			);
			path = GestureRecognizerClosures;
			sourceTree = "<group>";
		};
		F25129D1202AC7B0002A9FFF /* Controllers */ = {
			isa = PBXGroup;
			children = (
				F297E5A02022B6920051110D /* PuzzleViewController.swift */,
			);
			path = Controllers;
			sourceTree = "<group>";
		};
		F25129D2202AC974002A9FFF /* App */ = {
			isa = PBXGroup;
			children = (
				F297E59E2022B6920051110D /* AppDelegate.swift */,
				F297E5A52022B6920051110D /* Assets.xcassets */,
			);
			path = App;
			sourceTree = "<group>";
		};
		F25129D3202AC98C002A9FFF /* Conveniences */ = {
			isa = PBXGroup;
			children = (
				52165BF820255E64008100BE /* Extensions */,
				52165BF020255A4D008100BE /* Protocols */,
				52A0113D2025828900248D83 /* Utilities */,
			);
			path = Conveniences;
			sourceTree = "<group>";
		};
		F297E5922022B6920051110D = {
			isa = PBXGroup;
			children = (
				F297E59D2022B6920051110D /* Source */,
				F297E5B22022B6920051110D /* PuzzleTests */,
				F297E5BD2022B6920051110D /* PuzzleUITests */,
				F297E59C2022B6920051110D /* Products */,
				F297E5CE2022BA780051110D /* Frameworks */,
				52165BDD202554DE008100BE /* Cartfile */,
				52165BDE202554DE008100BE /* Cartfile.resolved */,
				F297E5AA2022B6920051110D /* Info.plist */,
			);
			sourceTree = "<group>";
		};
		F297E59C2022B6920051110D /* Products */ = {
			isa = PBXGroup;
			children = (
				F297E59B2022B6920051110D /* Puzzle.app */,
				F297E5AF2022B6920051110D /* PuzzleTests.xctest */,
				F297E5BA2022B6920051110D /* PuzzleUITests.xctest */,
			);
			name = Products;
			sourceTree = "<group>";
		};
		F297E59D2022B6920051110D /* Source */ = {
			isa = PBXGroup;
			children = (
				F25129D2202AC974002A9FFF /* App */,
				F25129D1202AC7B0002A9FFF /* Controllers */,
				52165BF320255CA5008100BE /* Models */,
				F25129D3202AC98C002A9FFF /* Conveniences */,
			);
			path = Source;
			sourceTree = "<group>";
		};
		F297E5B22022B6920051110D /* PuzzleTests */ = {
			isa = PBXGroup;
			children = (
				F297E5B32022B6920051110D /* PuzzleTests.swift */,
				F297E5B52022B6920051110D /* Info.plist */,
			);
			path = PuzzleTests;
			sourceTree = "<group>";
		};
		F297E5BD2022B6920051110D /* PuzzleUITests */ = {
			isa = PBXGroup;
			children = (
				F297E5BE2022B6920051110D /* PuzzleUITests.swift */,
				F297E5C02022B6920051110D /* Info.plist */,
			);
			path = PuzzleUITests;
			sourceTree = "<group>";
		};
		F297E5CE2022BA780051110D /* Frameworks */ = {
			isa = PBXGroup;
			children = (
				52165BE120255543008100BE /* Result.framework */,
				52165BE420255543008100BE /* ReactiveSwift.framework */,
				52165BDF20255543008100BE /* ReactiveCocoa.framework */,
				52165BE520255543008100BE /* ReSwift.framework */,
				52165BE620255543008100BE /* ReactiveReSwift.framework */,
				52165BE020255543008100BE /* PureLayout.framework */,
				52165BE220255543008100BE /* SwiftyUserDefaults.framework */,
			);
			name = Frameworks;
			sourceTree = "<group>";
		};
		F2CD645F20297B5200F11911 /* Puzzle */ = {
			isa = PBXGroup;
			children = (
				F2CD646020297B8600F11911 /* Column.swift */,
				F2CD645D20297B0D00F11911 /* Row.swift */,
				F2CD64532028FF2A00F11911 /* Position.swift */,
				52165BF420255CC9008100BE /* Piece.swift */,
				F2CD645920292A3E00F11911 /* Puzzle.swift */,
			);
			path = Puzzle;
			sourceTree = "<group>";
		};
/* End PBXGroup section */

/* Begin PBXNativeTarget section */
		F297E59A2022B6920051110D /* Puzzle */ = {
			isa = PBXNativeTarget;
			buildConfigurationList = F297E5C32022B6920051110D /* Build configuration list for PBXNativeTarget "Puzzle" */;
			buildPhases = (
				F297E5972022B6920051110D /* Sources */,
				F297E5982022B6920051110D /* Frameworks */,
				F297E5992022B6920051110D /* Resources */,
				F297E5CC2022B8E20051110D /* [Carthage] Copy Frameworks */,
			);
			buildRules = (
			);
			dependencies = (
			);
			name = Puzzle;
			productName = Puzzle;
			productReference = F297E59B2022B6920051110D /* Puzzle.app */;
			productType = "com.apple.product-type.application";
		};
		F297E5AE2022B6920051110D /* PuzzleTests */ = {
			isa = PBXNativeTarget;
			buildConfigurationList = F297E5C62022B6920051110D /* Build configuration list for PBXNativeTarget "PuzzleTests" */;
			buildPhases = (
				F297E5AB2022B6920051110D /* Sources */,
				F297E5AC2022B6920051110D /* Frameworks */,
				F297E5AD2022B6920051110D /* Resources */,
				F297E5CD2022BA030051110D /* [Carthage] Copy Frameworks */,
			);
			buildRules = (
			);
			dependencies = (
				F297E5B12022B6920051110D /* PBXTargetDependency */,
			);
			name = PuzzleTests;
			productName = PuzzleTests;
			productReference = F297E5AF2022B6920051110D /* PuzzleTests.xctest */;
			productType = "com.apple.product-type.bundle.unit-test";
		};
		F297E5B92022B6920051110D /* PuzzleUITests */ = {
			isa = PBXNativeTarget;
			buildConfigurationList = F297E5C92022B6920051110D /* Build configuration list for PBXNativeTarget "PuzzleUITests" */;
			buildPhases = (
				F297E5B62022B6920051110D /* Sources */,
				F297E5B72022B6920051110D /* Frameworks */,
				F297E5B82022B6920051110D /* Resources */,
			);
			buildRules = (
			);
			dependencies = (
				F297E5BC2022B6920051110D /* PBXTargetDependency */,
			);
			name = PuzzleUITests;
			productName = PuzzleUITests;
			productReference = F297E5BA2022B6920051110D /* PuzzleUITests.xctest */;
			productType = "com.apple.product-type.bundle.ui-testing";
		};
/* End PBXNativeTarget section */

/* Begin PBXProject section */
		F297E5932022B6920051110D /* Project object */ = {
			isa = PBXProject;
			attributes = {
				LastSwiftUpdateCheck = 0920;
				LastUpgradeCheck = 0920;
				ORGANIZATIONNAME = "Bastardized Productions";
				TargetAttributes = {
					F297E59A2022B6920051110D = {
						CreatedOnToolsVersion = 9.2;
						ProvisioningStyle = Automatic;
					};
					F297E5AE2022B6920051110D = {
						CreatedOnToolsVersion = 9.2;
						ProvisioningStyle = Automatic;
						TestTargetID = F297E59A2022B6920051110D;
					};
					F297E5B92022B6920051110D = {
						CreatedOnToolsVersion = 9.2;
						ProvisioningStyle = Automatic;
						TestTargetID = F297E59A2022B6920051110D;
					};
				};
			};
			buildConfigurationList = F297E5962022B6920051110D /* Build configuration list for PBXProject "Puzzle" */;
			compatibilityVersion = "Xcode 8.0";
			developmentRegion = en;
			hasScannedForEncodings = 0;
			knownRegions = (
				en,
				Base,
			);
			mainGroup = F297E5922022B6920051110D;
			productRefGroup = F297E59C2022B6920051110D /* Products */;
			projectDirPath = "";
			projectRoot = "";
			targets = (
				F297E59A2022B6920051110D /* Puzzle */,
				F297E5AE2022B6920051110D /* PuzzleTests */,
				F297E5B92022B6920051110D /* PuzzleUITests */,
			);
		};
/* End PBXProject section */

/* Begin PBXResourcesBuildPhase section */
		F297E5992022B6920051110D /* Resources */ = {
			isa = PBXResourcesBuildPhase;
			buildActionMask = 2147483647;
			files = (
				F297E5A62022B6920051110D /* Assets.xcassets in Resources */,
			);
			runOnlyForDeploymentPostprocessing = 0;
		};
		F297E5AD2022B6920051110D /* Resources */ = {
			isa = PBXResourcesBuildPhase;
			buildActionMask = 2147483647;
			files = (
			);
			runOnlyForDeploymentPostprocessing = 0;
		};
		F297E5B82022B6920051110D /* Resources */ = {
			isa = PBXResourcesBuildPhase;
			buildActionMask = 2147483647;
			files = (
			);
			runOnlyForDeploymentPostprocessing = 0;
		};
/* End PBXResourcesBuildPhase section */

/* Begin PBXShellScriptBuildPhase section */
		F297E5CC2022B8E20051110D /* [Carthage] Copy Frameworks */ = {
			isa = PBXShellScriptBuildPhase;
			buildActionMask = 2147483647;
			files = (
			);
			inputPaths = (
				"$(SRCROOT)/Carthage/Build/iOS/Result.framework",
				"$(SRCROOT)/Carthage/Build/iOS/ReactiveSwift.framework",
				"$(SRCROOT)/Carthage/Build/iOS/ReactiveCocoa.framework",
				"$(SRCROOT)/Carthage/Build/iOS/ReSwift.framework",
				"$(SRCROOT)/Carthage/Build/iOS/ReactiveReSwift.framework",
				"$(SRCROOT)/Carthage/Build/iOS/PureLayout.framework",
				"$(SRCROOT)/Carthage/Build/iOS/SwiftyUserDefaults.framework",
			);
			name = "[Carthage] Copy Frameworks";
			outputPaths = (
				"$(BUILT_PRODUCTS_DIR)/$(FRAMEWORKS_FOLDER_PATH)/Result.framework",
				"$(BUILT_PRODUCTS_DIR)/$(FRAMEWORKS_FOLDER_PATH)/ReactiveSwift.framework",
				"$(BUILT_PRODUCTS_DIR)/$(FRAMEWORKS_FOLDER_PATH)/ReactiveCocoa.framework",
				"$(BUILT_PRODUCTS_DIR)/$(FRAMEWORKS_FOLDER_PATH)/ReSwift.framework",
				"$(BUILT_PRODUCTS_DIR)/$(FRAMEWORKS_FOLDER_PATH)/ReactiveReSwift.framework",
				"$(BUILT_PRODUCTS_DIR)/$(FRAMEWORKS_FOLDER_PATH)/PureLayout.framework",
				"$(BUILT_PRODUCTS_DIR)/$(FRAMEWORKS_FOLDER_PATH)/SwiftyUserDefaults.framework",
			);
			runOnlyForDeploymentPostprocessing = 0;
			shellPath = /bin/sh;
			shellScript = "/usr/local/bin/carthage copy-frameworks";
		};
		F297E5CD2022BA030051110D /* [Carthage] Copy Frameworks */ = {
			isa = PBXShellScriptBuildPhase;
			buildActionMask = 2147483647;
			files = (
			);
			inputPaths = (
				"$(SRCROOT)/Carthage/Build/iOS/Quick.framework",
				"$(SRCROOT)/Carthage/Build/iOS/Nimble.framework",
			);
			name = "[Carthage] Copy Frameworks";
			outputPaths = (
				"$(BUILT_PRODUCTS_DIR)/$(FRAMEWORKS_FOLDER_PATH)/Quick.framework",
				"$(BUILT_PRODUCTS_DIR)/$(FRAMEWORKS_FOLDER_PATH)/Nimble.framework",
			);
			runOnlyForDeploymentPostprocessing = 0;
			shellPath = /bin/sh;
			shellScript = "/usr/local/bin/carthage copy-frameworks";
		};
/* End PBXShellScriptBuildPhase section */

/* Begin PBXSourcesBuildPhase section */
		F297E5972022B6920051110D /* Sources */ = {
			isa = PBXSourcesBuildPhase;
			buildActionMask = 2147483647;
			files = (
				52165C0020256010008100BE /* NSObject+Extensions.swift in Sources */,
				52A011242025622E00248D83 /* Colors.swift in Sources */,
				52A0112A2025653900248D83 /* Displayable.swift in Sources */,
				F297E5A12022B6920051110D /* PuzzleViewController.swift in Sources */,
				52A0113020256A5E00248D83 /* Attributed.swift in Sources */,
				52A011282025645B00248D83 /* UIEdgeInsets+Extensions.swift in Sources */,
				52A0113820257C1000248D83 /* UILabel+Extensions.swift in Sources */,
				F2CD64542028FF2A00F11911 /* Position.swift in Sources */,
				52A011422025839E00248D83 /* UIGestureRecognizer+Closures.swift in Sources */,
				52A01134202579EE00248D83 /* UIViewController+Extensions.swift in Sources */,
				52A011432025839E00248D83 /* UIControl+Closures.swift in Sources */,
				52A0113620257A7300248D83 /* UIImage+Extensions.swift in Sources */,
				52165BFA20255E83008100BE /* Array+Extensions.swift in Sources */,
				52165C022025608D008100BE /* SignalProducer+Extensions.swift in Sources */,
				F2CD64582029169B00F11911 /* PuzzleReducer.swift in Sources */,
				F2CD646120297B8600F11911 /* Column.swift in Sources */,
				52A011262025637000248D83 /* UIDevice+Extensions.swift in Sources */,
				52165BF520255CC9008100BE /* Piece.swift in Sources */,
				F2CD645A20292A3E00F11911 /* Puzzle.swift in Sources */,
				52165BFE20255FC7008100BE /* SignalObserver+Extensions.swift in Sources */,
				52A0113A20257E9C00248D83 /* UIBarButtonItem+Closures.swift in Sources */,
				52165BFC20255F44008100BE /* Dictionary+Extensions.swift in Sources */,
				52A0113220256F9F00248D83 /* UIView+Extensions.swift in Sources */,
				52A0113C2025820200248D83 /* ClosureHandler.swift in Sources */,
				52165BF220255A66008100BE /* Then.swift in Sources */,
				52A0112C2025696F00248D83 /* UIStackView+Extensions.swift in Sources */,
				F2CD64562029136800F11911 /* PuzzleAction.swift in Sources */,
				52B69A8C20258830001A03B7 /* URL+Extensions.swift in Sources */,
				F2CD64522028FBF000F11911 /* PuzzleState.swift in Sources */,
				F2CD645E20297B0D00F11911 /* Row.swift in Sources */,
				52A011412025839E00248D83 /* UIView+Closures.swift in Sources */,
				52165BF720255D74008100BE /* EnumCollection.swift in Sources */,
				F297E59F2022B6920051110D /* AppDelegate.swift in Sources */,
				52A0112E20256A2200248D83 /* UITextView+Extensions.swift in Sources */,
			);
			runOnlyForDeploymentPostprocessing = 0;
		};
		F297E5AB2022B6920051110D /* Sources */ = {
			isa = PBXSourcesBuildPhase;
			buildActionMask = 2147483647;
			files = (
				F297E5B42022B6920051110D /* PuzzleTests.swift in Sources */,
			);
			runOnlyForDeploymentPostprocessing = 0;
		};
		F297E5B62022B6920051110D /* Sources */ = {
			isa = PBXSourcesBuildPhase;
			buildActionMask = 2147483647;
			files = (
				F297E5BF2022B6920051110D /* PuzzleUITests.swift in Sources */,
			);
			runOnlyForDeploymentPostprocessing = 0;
		};
/* End PBXSourcesBuildPhase section */

/* Begin PBXTargetDependency section */
		F297E5B12022B6920051110D /* PBXTargetDependency */ = {
			isa = PBXTargetDependency;
			target = F297E59A2022B6920051110D /* Puzzle */;
			targetProxy = F297E5B02022B6920051110D /* PBXContainerItemProxy */;
		};
		F297E5BC2022B6920051110D /* PBXTargetDependency */ = {
			isa = PBXTargetDependency;
			target = F297E59A2022B6920051110D /* Puzzle */;
			targetProxy = F297E5BB2022B6920051110D /* PBXContainerItemProxy */;
		};
/* End PBXTargetDependency section */

/* Begin XCBuildConfiguration section */
		F297E5C12022B6920051110D /* Debug */ = {
			isa = XCBuildConfiguration;
			buildSettings = {
				ALWAYS_SEARCH_USER_PATHS = NO;
				CLANG_ANALYZER_NONNULL = YES;
				CLANG_ANALYZER_NUMBER_OBJECT_CONVERSION = YES_AGGRESSIVE;
				CLANG_CXX_LANGUAGE_STANDARD = "gnu++14";
				CLANG_CXX_LIBRARY = "libc++";
				CLANG_ENABLE_MODULES = YES;
				CLANG_ENABLE_OBJC_ARC = YES;
				CLANG_WARN_BLOCK_CAPTURE_AUTORELEASING = YES;
				CLANG_WARN_BOOL_CONVERSION = YES;
				CLANG_WARN_COMMA = YES;
				CLANG_WARN_CONSTANT_CONVERSION = YES;
				CLANG_WARN_DIRECT_OBJC_ISA_USAGE = YES_ERROR;
				CLANG_WARN_DOCUMENTATION_COMMENTS = YES;
				CLANG_WARN_EMPTY_BODY = YES;
				CLANG_WARN_ENUM_CONVERSION = YES;
				CLANG_WARN_INFINITE_RECURSION = YES;
				CLANG_WARN_INT_CONVERSION = YES;
				CLANG_WARN_NON_LITERAL_NULL_CONVERSION = YES;
				CLANG_WARN_OBJC_LITERAL_CONVERSION = YES;
				CLANG_WARN_OBJC_ROOT_CLASS = YES_ERROR;
				CLANG_WARN_RANGE_LOOP_ANALYSIS = YES;
				CLANG_WARN_STRICT_PROTOTYPES = YES;
				CLANG_WARN_SUSPICIOUS_MOVE = YES;
				CLANG_WARN_UNGUARDED_AVAILABILITY = YES_AGGRESSIVE;
				CLANG_WARN_UNREACHABLE_CODE = YES;
				CLANG_WARN__DUPLICATE_METHOD_MATCH = YES;
				CODE_SIGN_IDENTITY = "iPhone Developer";
				COPY_PHASE_STRIP = NO;
				DEBUG_INFORMATION_FORMAT = dwarf;
				ENABLE_STRICT_OBJC_MSGSEND = YES;
				ENABLE_TESTABILITY = YES;
				GCC_C_LANGUAGE_STANDARD = gnu11;
				GCC_DYNAMIC_NO_PIC = NO;
				GCC_NO_COMMON_BLOCKS = YES;
				GCC_OPTIMIZATION_LEVEL = 0;
				GCC_PREPROCESSOR_DEFINITIONS = (
					"DEBUG=1",
					"$(inherited)",
				);
				GCC_WARN_64_TO_32_BIT_CONVERSION = YES;
				GCC_WARN_ABOUT_RETURN_TYPE = YES_ERROR;
				GCC_WARN_UNDECLARED_SELECTOR = YES;
				GCC_WARN_UNINITIALIZED_AUTOS = YES_AGGRESSIVE;
				GCC_WARN_UNUSED_FUNCTION = YES;
				GCC_WARN_UNUSED_VARIABLE = YES;
				IPHONEOS_DEPLOYMENT_TARGET = 11.2;
				MTL_ENABLE_DEBUG_INFO = YES;
				ONLY_ACTIVE_ARCH = YES;
				SDKROOT = iphoneos;
				SWIFT_ACTIVE_COMPILATION_CONDITIONS = DEBUG;
				SWIFT_OPTIMIZATION_LEVEL = "-Onone";
			};
			name = Debug;
		};
		F297E5C22022B6920051110D /* Release */ = {
			isa = XCBuildConfiguration;
			buildSettings = {
				ALWAYS_SEARCH_USER_PATHS = NO;
				CLANG_ANALYZER_NONNULL = YES;
				CLANG_ANALYZER_NUMBER_OBJECT_CONVERSION = YES_AGGRESSIVE;
				CLANG_CXX_LANGUAGE_STANDARD = "gnu++14";
				CLANG_CXX_LIBRARY = "libc++";
				CLANG_ENABLE_MODULES = YES;
				CLANG_ENABLE_OBJC_ARC = YES;
				CLANG_WARN_BLOCK_CAPTURE_AUTORELEASING = YES;
				CLANG_WARN_BOOL_CONVERSION = YES;
				CLANG_WARN_COMMA = YES;
				CLANG_WARN_CONSTANT_CONVERSION = YES;
				CLANG_WARN_DIRECT_OBJC_ISA_USAGE = YES_ERROR;
				CLANG_WARN_DOCUMENTATION_COMMENTS = YES;
				CLANG_WARN_EMPTY_BODY = YES;
				CLANG_WARN_ENUM_CONVERSION = YES;
				CLANG_WARN_INFINITE_RECURSION = YES;
				CLANG_WARN_INT_CONVERSION = YES;
				CLANG_WARN_NON_LITERAL_NULL_CONVERSION = YES;
				CLANG_WARN_OBJC_LITERAL_CONVERSION = YES;
				CLANG_WARN_OBJC_ROOT_CLASS = YES_ERROR;
				CLANG_WARN_RANGE_LOOP_ANALYSIS = YES;
				CLANG_WARN_STRICT_PROTOTYPES = YES;
				CLANG_WARN_SUSPICIOUS_MOVE = YES;
				CLANG_WARN_UNGUARDED_AVAILABILITY = YES_AGGRESSIVE;
				CLANG_WARN_UNREACHABLE_CODE = YES;
				CLANG_WARN__DUPLICATE_METHOD_MATCH = YES;
				CODE_SIGN_IDENTITY = "iPhone Developer";
				COPY_PHASE_STRIP = NO;
				DEBUG_INFORMATION_FORMAT = "dwarf-with-dsym";
				ENABLE_NS_ASSERTIONS = NO;
				ENABLE_STRICT_OBJC_MSGSEND = YES;
				GCC_C_LANGUAGE_STANDARD = gnu11;
				GCC_NO_COMMON_BLOCKS = YES;
				GCC_WARN_64_TO_32_BIT_CONVERSION = YES;
				GCC_WARN_ABOUT_RETURN_TYPE = YES_ERROR;
				GCC_WARN_UNDECLARED_SELECTOR = YES;
				GCC_WARN_UNINITIALIZED_AUTOS = YES_AGGRESSIVE;
				GCC_WARN_UNUSED_FUNCTION = YES;
				GCC_WARN_UNUSED_VARIABLE = YES;
				IPHONEOS_DEPLOYMENT_TARGET = 11.2;
				MTL_ENABLE_DEBUG_INFO = NO;
				SDKROOT = iphoneos;
				SWIFT_OPTIMIZATION_LEVEL = "-Owholemodule";
				VALIDATE_PRODUCT = YES;
			};
			name = Release;
		};
		F297E5C42022B6920051110D /* Debug */ = {
			isa = XCBuildConfiguration;
			buildSettings = {
				ASSETCATALOG_COMPILER_APPICON_NAME = AppIcon;
				CODE_SIGN_STYLE = Automatic;
				DEVELOPMENT_TEAM = KUNVAN4RR6;
				FRAMEWORK_SEARCH_PATHS = (
					"$(inherited)",
					"$(PROJECT_DIR)",
					"$(PROJECT_DIR)/Carthage/Build/iOS",
				);
				INFOPLIST_FILE = "$(SRCROOT)/Info.plist";
				IPHONEOS_DEPLOYMENT_TARGET = 11.2;
				LD_RUNPATH_SEARCH_PATHS = "$(inherited) @executable_path/Frameworks";
				PRODUCT_BUNDLE_IDENTIFIER = com.BastardizedProductions.Puzzle;
				PRODUCT_NAME = "$(TARGET_NAME)";
				SWIFT_VERSION = 4.0;
				TARGETED_DEVICE_FAMILY = 1;
			};
			name = Debug;
		};
		F297E5C52022B6920051110D /* Release */ = {
			isa = XCBuildConfiguration;
			buildSettings = {
				ASSETCATALOG_COMPILER_APPICON_NAME = AppIcon;
				CODE_SIGN_STYLE = Automatic;
				DEVELOPMENT_TEAM = KUNVAN4RR6;
				FRAMEWORK_SEARCH_PATHS = (
					"$(inherited)",
					"$(PROJECT_DIR)",
					"$(PROJECT_DIR)/Carthage/Build/iOS",
				);
				INFOPLIST_FILE = "$(SRCROOT)/Info.plist";
				IPHONEOS_DEPLOYMENT_TARGET = 11.2;
				LD_RUNPATH_SEARCH_PATHS = "$(inherited) @executable_path/Frameworks";
				PRODUCT_BUNDLE_IDENTIFIER = com.BastardizedProductions.Puzzle;
				PRODUCT_NAME = "$(TARGET_NAME)";
				SWIFT_VERSION = 4.0;
				TARGETED_DEVICE_FAMILY = 1;
			};
			name = Release;
		};
		F297E5C72022B6920051110D /* Debug */ = {
			isa = XCBuildConfiguration;
			buildSettings = {
				ALWAYS_EMBED_SWIFT_STANDARD_LIBRARIES = YES;
				BUNDLE_LOADER = "$(TEST_HOST)";
				CODE_SIGN_STYLE = Automatic;
				DEVELOPMENT_TEAM = KUNVAN4RR6;
				FRAMEWORK_SEARCH_PATHS = (
					"$(inherited)",
					"$(PROJECT_DIR)/Carthage",
					"$(PROJECT_DIR)/Carthage/Build/iOS",
				);
				INFOPLIST_FILE = PuzzleTests/Info.plist;
				LD_RUNPATH_SEARCH_PATHS = "$(inherited) @executable_path/Frameworks @loader_path/Frameworks";
				PRODUCT_BUNDLE_IDENTIFIER = com.BastardizedProductions.PuzzleTests;
				PRODUCT_NAME = "$(TARGET_NAME)";
				SWIFT_VERSION = 4.0;
				TARGETED_DEVICE_FAMILY = "1,2";
				TEST_HOST = "$(BUILT_PRODUCTS_DIR)/Puzzle.app/Puzzle";
			};
			name = Debug;
		};
		F297E5C82022B6920051110D /* Release */ = {
			isa = XCBuildConfiguration;
			buildSettings = {
				ALWAYS_EMBED_SWIFT_STANDARD_LIBRARIES = YES;
				BUNDLE_LOADER = "$(TEST_HOST)";
				CODE_SIGN_STYLE = Automatic;
				DEVELOPMENT_TEAM = KUNVAN4RR6;
				FRAMEWORK_SEARCH_PATHS = (
					"$(inherited)",
					"$(PROJECT_DIR)/Carthage",
					"$(PROJECT_DIR)/Carthage/Build/iOS",
				);
				INFOPLIST_FILE = PuzzleTests/Info.plist;
				LD_RUNPATH_SEARCH_PATHS = "$(inherited) @executable_path/Frameworks @loader_path/Frameworks";
				PRODUCT_BUNDLE_IDENTIFIER = com.BastardizedProductions.PuzzleTests;
				PRODUCT_NAME = "$(TARGET_NAME)";
				SWIFT_VERSION = 4.0;
				TARGETED_DEVICE_FAMILY = "1,2";
				TEST_HOST = "$(BUILT_PRODUCTS_DIR)/Puzzle.app/Puzzle";
			};
			name = Release;
		};
		F297E5CA2022B6920051110D /* Debug */ = {
			isa = XCBuildConfiguration;
			buildSettings = {
				ALWAYS_EMBED_SWIFT_STANDARD_LIBRARIES = YES;
				CODE_SIGN_STYLE = Automatic;
				DEVELOPMENT_TEAM = KUNVAN4RR6;
				INFOPLIST_FILE = PuzzleUITests/Info.plist;
				LD_RUNPATH_SEARCH_PATHS = "$(inherited) @executable_path/Frameworks @loader_path/Frameworks";
				PRODUCT_BUNDLE_IDENTIFIER = com.BastardizedProductions.PuzzleUITests;
				PRODUCT_NAME = "$(TARGET_NAME)";
				SWIFT_VERSION = 4.0;
				TARGETED_DEVICE_FAMILY = "1,2";
				TEST_TARGET_NAME = Puzzle;
			};
			name = Debug;
		};
		F297E5CB2022B6920051110D /* Release */ = {
			isa = XCBuildConfiguration;
			buildSettings = {
				ALWAYS_EMBED_SWIFT_STANDARD_LIBRARIES = YES;
				CODE_SIGN_STYLE = Automatic;
				DEVELOPMENT_TEAM = KUNVAN4RR6;
				INFOPLIST_FILE = PuzzleUITests/Info.plist;
				LD_RUNPATH_SEARCH_PATHS = "$(inherited) @executable_path/Frameworks @loader_path/Frameworks";
				PRODUCT_BUNDLE_IDENTIFIER = com.BastardizedProductions.PuzzleUITests;
				PRODUCT_NAME = "$(TARGET_NAME)";
				SWIFT_VERSION = 4.0;
				TARGETED_DEVICE_FAMILY = "1,2";
				TEST_TARGET_NAME = Puzzle;
			};
			name = Release;
		};
/* End XCBuildConfiguration section */

/* Begin XCConfigurationList section */
		F297E5962022B6920051110D /* Build configuration list for PBXProject "Puzzle" */ = {
			isa = XCConfigurationList;
			buildConfigurations = (
				F297E5C12022B6920051110D /* Debug */,
				F297E5C22022B6920051110D /* Release */,
			);
			defaultConfigurationIsVisible = 0;
			defaultConfigurationName = Release;
		};
		F297E5C32022B6920051110D /* Build configuration list for PBXNativeTarget "Puzzle" */ = {
			isa = XCConfigurationList;
			buildConfigurations = (
				F297E5C42022B6920051110D /* Debug */,
				F297E5C52022B6920051110D /* Release */,
			);
			defaultConfigurationIsVisible = 0;
			defaultConfigurationName = Release;
		};
		F297E5C62022B6920051110D /* Build configuration list for PBXNativeTarget "PuzzleTests" */ = {
			isa = XCConfigurationList;
			buildConfigurations = (
				F297E5C72022B6920051110D /* Debug */,
				F297E5C82022B6920051110D /* Release */,
			);
			defaultConfigurationIsVisible = 0;
			defaultConfigurationName = Release;
		};
		F297E5C92022B6920051110D /* Build configuration list for PBXNativeTarget "PuzzleUITests" */ = {
			isa = XCConfigurationList;
			buildConfigurations = (
				F297E5CA2022B6920051110D /* Debug */,
				F297E5CB2022B6920051110D /* Release */,
			);
			defaultConfigurationIsVisible = 0;
			defaultConfigurationName = Release;
		};
/* End XCConfigurationList section */
	};
	rootObject = F297E5932022B6920051110D /* Project object */;
}
